// !$*UTF8*$!
{
	archiveVersion = 1;
	classes = {
	};
	objectVersion = 50;
	objects = {

/* Begin PBXBuildFile section */
		363F01382499EC81003543B1 /* AppDelegate.m in Sources */ = {isa = PBXBuildFile; fileRef = 363F01372499EC81003543B1 /* AppDelegate.m */; };
		363F013B2499EC81003543B1 /* SceneDelegate.m in Sources */ = {isa = PBXBuildFile; fileRef = 363F013A2499EC81003543B1 /* SceneDelegate.m */; };
		363F013E2499EC81003543B1 /* ViewController.m in Sources */ = {isa = PBXBuildFile; fileRef = 363F013D2499EC81003543B1 /* ViewController.m */; };
		363F01412499EC81003543B1 /* Main.storyboard in Resources */ = {isa = PBXBuildFile; fileRef = 363F013F2499EC81003543B1 /* Main.storyboard */; };
		363F01432499EC82003543B1 /* Assets.xcassets in Resources */ = {isa = PBXBuildFile; fileRef = 363F01422499EC82003543B1 /* Assets.xcassets */; };
		363F01462499EC82003543B1 /* LaunchScreen.storyboard in Resources */ = {isa = PBXBuildFile; fileRef = 363F01442499EC82003543B1 /* LaunchScreen.storyboard */; };
		363F01492499EC82003543B1 /* main.m in Sources */ = {isa = PBXBuildFile; fileRef = 363F01482499EC82003543B1 /* main.m */; };
		F6A381D72311FC1F00321CB9 /* Pods_NativeDemo.framework in Frameworks */ = {isa = PBXBuildFile; fileRef = 0295B9BC4BD3ED64C5BC4A7C /* Pods_NativeDemo.framework */; };
/* End PBXBuildFile section */

/* Begin PBXFileReference section */
		0295B9BC4BD3ED64C5BC4A7C /* Pods_NativeDemo.framework */ = {isa = PBXFileReference; explicitFileType = wrapper.framework; includeInIndex = 0; path = Pods_NativeDemo.framework; sourceTree = BUILT_PRODUCTS_DIR; };
		19D0F9EBA7C299AC462E6F3F /* Pods-NativeDemo.release.xcconfig */ = {isa = PBXFileReference; includeInIndex = 1; lastKnownFileType = text.xcconfig; name = "Pods-NativeDemo.release.xcconfig"; path = "Target Support Files/Pods-NativeDemo/Pods-NativeDemo.release.xcconfig"; sourceTree = "<group>"; };
		363F01332499EC81003543B1 /* NativeDemo.app */ = {isa = PBXFileReference; explicitFileType = wrapper.application; includeInIndex = 0; path = NativeDemo.app; sourceTree = BUILT_PRODUCTS_DIR; };
		363F01362499EC81003543B1 /* AppDelegate.h */ = {isa = PBXFileReference; lastKnownFileType = sourcecode.c.h; path = AppDelegate.h; sourceTree = "<group>"; };
		363F01372499EC81003543B1 /* AppDelegate.m */ = {isa = PBXFileReference; lastKnownFileType = sourcecode.c.objc; path = AppDelegate.m; sourceTree = "<group>"; };
		363F01392499EC81003543B1 /* SceneDelegate.h */ = {isa = PBXFileReference; lastKnownFileType = sourcecode.c.h; path = SceneDelegate.h; sourceTree = "<group>"; };
		363F013A2499EC81003543B1 /* SceneDelegate.m */ = {isa = PBXFileReference; lastKnownFileType = sourcecode.c.objc; path = SceneDelegate.m; sourceTree = "<group>"; };
		363F013C2499EC81003543B1 /* ViewController.h */ = {isa = PBXFileReference; lastKnownFileType = sourcecode.c.h; path = ViewController.h; sourceTree = "<group>"; };
		363F013D2499EC81003543B1 /* ViewController.m */ = {isa = PBXFileReference; lastKnownFileType = sourcecode.c.objc; path = ViewController.m; sourceTree = "<group>"; };
		363F01402499EC81003543B1 /* Base */ = {isa = PBXFileReference; lastKnownFileType = file.storyboard; name = Base; path = Base.lproj/Main.storyboard; sourceTree = "<group>"; };
		363F01422499EC82003543B1 /* Assets.xcassets */ = {isa = PBXFileReference; lastKnownFileType = folder.assetcatalog; path = Assets.xcassets; sourceTree = "<group>"; };
		363F01452499EC82003543B1 /* Base */ = {isa = PBXFileReference; lastKnownFileType = file.storyboard; name = Base; path = Base.lproj/LaunchScreen.storyboard; sourceTree = "<group>"; };
		363F01472499EC82003543B1 /* Info.plist */ = {isa = PBXFileReference; lastKnownFileType = text.plist.xml; path = Info.plist; sourceTree = "<group>"; };
		363F01482499EC82003543B1 /* main.m */ = {isa = PBXFileReference; lastKnownFileType = sourcecode.c.objc; path = main.m; sourceTree = "<group>"; };
		9C91A60DF16D779B14A7104B /* Pods-NativeDemo.debug.xcconfig */ = {isa = PBXFileReference; includeInIndex = 1; lastKnownFileType = text.xcconfig; name = "Pods-NativeDemo.debug.xcconfig"; path = "Target Support Files/Pods-NativeDemo/Pods-NativeDemo.debug.xcconfig"; sourceTree = "<group>"; };
/* End PBXFileReference section */

/* Begin PBXFrameworksBuildPhase section */
		363F01302499EC81003543B1 /* Frameworks */ = {
			isa = PBXFrameworksBuildPhase;
			buildActionMask = 2147483647;
			files = (
				F6A381D72311FC1F00321CB9 /* Pods_NativeDemo.framework in Frameworks */,
			);
			runOnlyForDeploymentPostprocessing = 0;
		};
/* End PBXFrameworksBuildPhase section */

/* Begin PBXGroup section */
		363F012A2499EC81003543B1 = {
			isa = PBXGroup;
			children = (
				363F01352499EC81003543B1 /* NativeDemo */,
				363F01342499EC81003543B1 /* Products */,
				602013E1E65CED7043C03BE6 /* Pods */,
				8298D1992EAD0838AC73E3D9 /* Frameworks */,
			);
			sourceTree = "<group>";
		};
		363F01342499EC81003543B1 /* Products */ = {
			isa = PBXGroup;
			children = (
				363F01332499EC81003543B1 /* NativeDemo.app */,
			);
			name = Products;
			sourceTree = "<group>";
		};
		363F01352499EC81003543B1 /* NativeDemo */ = {
			isa = PBXGroup;
			children = (
				363F01362499EC81003543B1 /* AppDelegate.h */,
				363F01372499EC81003543B1 /* AppDelegate.m */,
				363F01392499EC81003543B1 /* SceneDelegate.h */,
				363F013A2499EC81003543B1 /* SceneDelegate.m */,
				363F013C2499EC81003543B1 /* ViewController.h */,
				363F013D2499EC81003543B1 /* ViewController.m */,
				363F013F2499EC81003543B1 /* Main.storyboard */,
				363F01422499EC82003543B1 /* Assets.xcassets */,
				363F01442499EC82003543B1 /* LaunchScreen.storyboard */,
				363F01472499EC82003543B1 /* Info.plist */,
				363F01482499EC82003543B1 /* main.m */,
			);
			path = NativeDemo;
			sourceTree = "<group>";
		};
		602013E1E65CED7043C03BE6 /* Pods */ = {
			isa = PBXGroup;
			children = (
				9C91A60DF16D779B14A7104B /* Pods-NativeDemo.debug.xcconfig */,
				19D0F9EBA7C299AC462E6F3F /* Pods-NativeDemo.release.xcconfig */,
			);
			name = Pods;
			path = Pods;
			sourceTree = "<group>";
		};
		8298D1992EAD0838AC73E3D9 /* Frameworks */ = {
			isa = PBXGroup;
			children = (
				0295B9BC4BD3ED64C5BC4A7C /* Pods_NativeDemo.framework */,
			);
			name = Frameworks;
			sourceTree = "<group>";
		};
/* End PBXGroup section */

/* Begin PBXNativeTarget section */
		363F01322499EC81003543B1 /* NativeDemo */ = {
			isa = PBXNativeTarget;
			buildConfigurationList = 363F014C2499EC82003543B1 /* Build configuration list for PBXNativeTarget "NativeDemo" */;
			buildPhases = (
				869613FCCE5A0C0999DB4F19 /* [CP] Check Pods Manifest.lock */,
				2608D0BBDD681D93B9EF49A9 /* [CP-User] Run Flutter Build Script */,
				363F012F2499EC81003543B1 /* Sources */,
				363F01302499EC81003543B1 /* Frameworks */,
				363F01312499EC81003543B1 /* Resources */,
				313F105DDA10EA2F6FE9C33E /* [CP] Embed Pods Frameworks */,
			);
			buildRules = (
			);
			dependencies = (
			);
			name = NativeDemo;
			productName = NativeDemo;
			productReference = 363F01332499EC81003543B1 /* NativeDemo.app */;
			productType = "com.apple.product-type.application";
		};
/* End PBXNativeTarget section */

/* Begin PBXProject section */
		363F012B2499EC81003543B1 /* Project object */ = {
			isa = PBXProject;
			attributes = {
				LastUpgradeCheck = 1130;
				ORGANIZATIONNAME = hank;
				TargetAttributes = {
					363F01322499EC81003543B1 = {
						CreatedOnToolsVersion = 11.3.1;
					};
				};
			};
			buildConfigurationList = 363F012E2499EC81003543B1 /* Build configuration list for PBXProject "NativeDemo" */;
			compatibilityVersion = "Xcode 9.3";
			developmentRegion = en;
			hasScannedForEncodings = 0;
			knownRegions = (
				en,
				Base,
			);
			mainGroup = 363F012A2499EC81003543B1;
			productRefGroup = 363F01342499EC81003543B1 /* Products */;
			projectDirPath = "";
			projectRoot = "";
			targets = (
				363F01322499EC81003543B1 /* NativeDemo */,
			);
		};
/* End PBXProject section */

/* Begin PBXResourcesBuildPhase section */
		363F01312499EC81003543B1 /* Resources */ = {
			isa = PBXResourcesBuildPhase;
			buildActionMask = 2147483647;
			files = (
				363F01462499EC82003543B1 /* LaunchScreen.storyboard in Resources */,
				363F01432499EC82003543B1 /* Assets.xcassets in Resources */,
				363F01412499EC81003543B1 /* Main.storyboard in Resources */,
			);
			runOnlyForDeploymentPostprocessing = 0;
		};
/* End PBXResourcesBuildPhase section */

/* Begin PBXShellScriptBuildPhase section */
		2608D0BBDD681D93B9EF49A9 /* [CP-User] Run Flutter Build Script */ = {
			isa = PBXShellScriptBuildPhase;
			buildActionMask = 2147483647;
			files = (
			);
			inputPaths = (
				"${SRCROOT}/../flutter_module/.metadata",
				"${SRCROOT}/../flutter_module/.ios/Flutter/App.framework/App",
				"${SRCROOT}/../flutter_module/.ios/Flutter/engine/Flutter.framework/Flutter",
				"${SRCROOT}/../flutter_module/.ios/Flutter/flutter_export_environment.sh",
			);
			name = "[CP-User] Run Flutter Build Script";
			runOnlyForDeploymentPostprocessing = 0;
			shellPath = /bin/sh;
			shellScript = "set -e\nset -u\nsource \"${SRCROOT}/../flutter_module/.ios/Flutter/flutter_export_environment.sh\"\n\"$FLUTTER_ROOT\"/packages/flutter_tools/bin/xcode_backend.sh build";
		};
		313F105DDA10EA2F6FE9C33E /* [CP] Embed Pods Frameworks */ = {
			isa = PBXShellScriptBuildPhase;
			buildActionMask = 2147483647;
			files = (
			);
			inputFileListPaths = (
				"${PODS_ROOT}/Target Support Files/Pods-NativeDemo/Pods-NativeDemo-frameworks-${CONFIGURATION}-input-files.xcfilelist",
			);
			name = "[CP] Embed Pods Frameworks";
			outputFileListPaths = (
				"${PODS_ROOT}/Target Support Files/Pods-NativeDemo/Pods-NativeDemo-frameworks-${CONFIGURATION}-output-files.xcfilelist",
			);
			runOnlyForDeploymentPostprocessing = 0;
			shellPath = /bin/sh;
			shellScript = "\"${PODS_ROOT}/Target Support Files/Pods-NativeDemo/Pods-NativeDemo-frameworks.sh\"\n";
			showEnvVarsInLog = 0;
		};
		869613FCCE5A0C0999DB4F19 /* [CP] Check Pods Manifest.lock */ = {
			isa = PBXShellScriptBuildPhase;
			buildActionMask = 2147483647;
			files = (
			);
			inputFileListPaths = (
			);
			inputPaths = (
				"${PODS_PODFILE_DIR_PATH}/Podfile.lock",
				"${PODS_ROOT}/Manifest.lock",
			);
			name = "[CP] Check Pods Manifest.lock";
			outputFileListPaths = (
			);
			outputPaths = (
				"$(DERIVED_FILE_DIR)/Pods-NativeDemo-checkManifestLockResult.txt",
			);
			runOnlyForDeploymentPostprocessing = 0;
			shellPath = /bin/sh;
			shellScript = "diff \"${PODS_PODFILE_DIR_PATH}/Podfile.lock\" \"${PODS_ROOT}/Manifest.lock\" > /dev/null\nif [ $? != 0 ] ; then\n    # print error to STDERR\n    echo \"error: The sandbox is not in sync with the Podfile.lock. Run 'pod install' or update your CocoaPods installation.\" >&2\n    exit 1\nfi\n# This output is used by Xcode 'outputs' to avoid re-running this script phase.\necho \"SUCCESS\" > \"${SCRIPT_OUTPUT_FILE_0}\"\n";
			showEnvVarsInLog = 0;
		};
/* End PBXShellScriptBuildPhase section */

/* Begin PBXSourcesBuildPhase section */
		363F012F2499EC81003543B1 /* Sources */ = {
			isa = PBXSourcesBuildPhase;
			buildActionMask = 2147483647;
			files = (
				363F013E2499EC81003543B1 /* ViewController.m in Sources */,
				363F01382499EC81003543B1 /* AppDelegate.m in Sources */,
				363F01492499EC82003543B1 /* main.m in Sources */,
				363F013B2499EC81003543B1 /* SceneDelegate.m in Sources */,
			);
			runOnlyForDeploymentPostprocessing = 0;
		};
/* End PBXSourcesBuildPhase section */

/* Begin PBXVariantGroup section */
		363F013F2499EC81003543B1 /* Main.storyboard */ = {
			isa = PBXVariantGroup;
			children = (
				363F01402499EC81003543B1 /* Base */,
			);
			name = Main.storyboard;
			sourceTree = "<group>";
		};
		363F01442499EC82003543B1 /* LaunchScreen.storyboard */ = {
			isa = PBXVariantGroup;
			children = (
				363F01452499EC82003543B1 /* Base */,
			);
			name = LaunchScreen.storyboard;
			sourceTree = "<group>";
		};
/* End PBXVariantGroup section */

/* Begin XCBuildConfiguration section */
		363F014A2499EC82003543B1 /* Debug */ = {
			isa = XCBuildConfiguration;
			buildSettings = {
				ALWAYS_SEARCH_USER_PATHS = NO;
				CLANG_ANALYZER_NONNULL = YES;
				CLANG_ANALYZER_NUMBER_OBJECT_CONVERSION = YES_AGGRESSIVE;
				CLANG_CXX_LANGUAGE_STANDARD = "gnu++14";
				CLANG_CXX_LIBRARY = "libc++";
				CLANG_ENABLE_MODULES = YES;
				CLANG_ENABLE_OBJC_ARC = YES;
				CLANG_ENABLE_OBJC_WEAK = YES;
				CLANG_WARN_BLOCK_CAPTURE_AUTORELEASING = YES;
				CLANG_WARN_BOOL_CONVERSION = YES;
				CLANG_WARN_COMMA = YES;
				CLANG_WARN_CONSTANT_CONVERSION = YES;
				CLANG_WARN_DEPRECATED_OBJC_IMPLEMENTATIONS = YES;
				CLANG_WARN_DIRECT_OBJC_ISA_USAGE = YES_ERROR;
				CLANG_WARN_DOCUMENTATION_COMMENTS = YES;
				CLANG_WARN_EMPTY_BODY = YES;
				CLANG_WARN_ENUM_CONVERSION = YES;
				CLANG_WARN_INFINITE_RECURSION = YES;
				CLANG_WARN_INT_CONVERSION = YES;
				CLANG_WARN_NON_LITERAL_NULL_CONVERSION = YES;
				CLANG_WARN_OBJC_IMPLICIT_RETAIN_SELF = YES;
				CLANG_WARN_OBJC_LITERAL_CONVERSION = YES;
				CLANG_WARN_OBJC_ROOT_CLASS = YES_ERROR;
				CLANG_WARN_RANGE_LOOP_ANALYSIS = YES;
				CLANG_WARN_STRICT_PROTOTYPES = YES;
				CLANG_WARN_SUSPICIOUS_MOVE = YES;
				CLANG_WARN_UNGUARDED_AVAILABILITY = YES_AGGRESSIVE;
				CLANG_WARN_UNREACHABLE_CODE = YES;
				CLANG_WARN__DUPLICATE_METHOD_MATCH = YES;
				COPY_PHASE_STRIP = NO;
				DEBUG_INFORMATION_FORMAT = dwarf;
				ENABLE_STRICT_OBJC_MSGSEND = YES;
				ENABLE_TESTABILITY = YES;
				GCC_C_LANGUAGE_STANDARD = gnu11;
				GCC_DYNAMIC_NO_PIC = NO;
				GCC_NO_COMMON_BLOCKS = YES;
				GCC_OPTIMIZATION_LEVEL = 0;
				GCC_PREPROCESSOR_DEFINITIONS = (
					"DEBUG=1",
					"$(inherited)",
				);
				GCC_WARN_64_TO_32_BIT_CONVERSION = YES;
				GCC_WARN_ABOUT_RETURN_TYPE = YES_ERROR;
				GCC_WARN_UNDECLARED_SELECTOR = YES;
				GCC_WARN_UNINITIALIZED_AUTOS = YES_AGGRESSIVE;
				GCC_WARN_UNUSED_FUNCTION = YES;
				GCC_WARN_UNUSED_VARIABLE = YES;
				IPHONEOS_DEPLOYMENT_TARGET = 13.2;
				MTL_ENABLE_DEBUG_INFO = INCLUDE_SOURCE;
				MTL_FAST_MATH = YES;
				ONLY_ACTIVE_ARCH = YES;
				SDKROOT = iphoneos;
			};
			name = Debug;
		};
		363F014B2499EC82003543B1 /* Release */ = {
			isa = XCBuildConfiguration;
			buildSettings = {
				ALWAYS_SEARCH_USER_PATHS = NO;
				CLANG_ANALYZER_NONNULL = YES;
				CLANG_ANALYZER_NUMBER_OBJECT_CONVERSION = YES_AGGRESSIVE;
				CLANG_CXX_LANGUAGE_STANDARD = "gnu++14";
				CLANG_CXX_LIBRARY = "libc++";
				CLANG_ENABLE_MODULES = YES;
				CLANG_ENABLE_OBJC_ARC = YES;
				CLANG_ENABLE_OBJC_WEAK = YES;
				CLANG_WARN_BLOCK_CAPTURE_AUTORELEASING = YES;
				CLANG_WARN_BOOL_CONVERSION = YES;
				CLANG_WARN_COMMA = YES;
				CLANG_WARN_CONSTANT_CONVERSION = YES;
				CLANG_WARN_DEPRECATED_OBJC_IMPLEMENTATIONS = YES;
				CLANG_WARN_DIRECT_OBJC_ISA_USAGE = YES_ERROR;
				CLANG_WARN_DOCUMENTATION_COMMENTS = YES;
				CLANG_WARN_EMPTY_BODY = YES;
				CLANG_WARN_ENUM_CONVERSION = YES;
				CLANG_WARN_INFINITE_RECURSION = YES;
				CLANG_WARN_INT_CONVERSION = YES;
				CLANG_WARN_NON_LITERAL_NULL_CONVERSION = YES;
				CLANG_WARN_OBJC_IMPLICIT_RETAIN_SELF = YES;
				CLANG_WARN_OBJC_LITERAL_CONVERSION = YES;
				CLANG_WARN_OBJC_ROOT_CLASS = YES_ERROR;
				CLANG_WARN_RANGE_LOOP_ANALYSIS = YES;
				CLANG_WARN_STRICT_PROTOTYPES = YES;
				CLANG_WARN_SUSPICIOUS_MOVE = YES;
				CLANG_WARN_UNGUARDED_AVAILABILITY = YES_AGGRESSIVE;
				CLANG_WARN_UNREACHABLE_CODE = YES;
				CLANG_WARN__DUPLICATE_METHOD_MATCH = YES;
				COPY_PHASE_STRIP = NO;
				DEBUG_INFORMATION_FORMAT = "dwarf-with-dsym";
				ENABLE_NS_ASSERTIONS = NO;
				ENABLE_STRICT_OBJC_MSGSEND = YES;
				GCC_C_LANGUAGE_STANDARD = gnu11;
				GCC_NO_COMMON_BLOCKS = YES;
				GCC_WARN_64_TO_32_BIT_CONVERSION = YES;
				GCC_WARN_ABOUT_RETURN_TYPE = YES_ERROR;
				GCC_WARN_UNDECLARED_SELECTOR = YES;
				GCC_WARN_UNINITIALIZED_AUTOS = YES_AGGRESSIVE;
				GCC_WARN_UNUSED_FUNCTION = YES;
				GCC_WARN_UNUSED_VARIABLE = YES;
				IPHONEOS_DEPLOYMENT_TARGET = 13.2;
				MTL_ENABLE_DEBUG_INFO = NO;
				MTL_FAST_MATH = YES;
				SDKROOT = iphoneos;
				VALIDATE_PRODUCT = YES;
			};
			name = Release;
		};
		363F014D2499EC82003543B1 /* Debug */ = {
			isa = XCBuildConfiguration;
			baseConfigurationReference = 9C91A60DF16D779B14A7104B /* Pods-NativeDemo.debug.xcconfig */;
			buildSettings = {
				ASSETCATALOG_COMPILER_APPICON_NAME = AppIcon;
				CODE_SIGN_STYLE = Automatic;
				DEVELOPMENT_TEAM = 5KN6964MFR;
				INFOPLIST_FILE = NativeDemo/Info.plist;
				LD_RUNPATH_SEARCH_PATHS = (
					"$(inherited)",
					"@executable_path/Frameworks",
				);
				PRODUCT_BUNDLE_IDENTIFIER = com.Logic.NativeDemo;
				PRODUCT_NAME = "$(TARGET_NAME)";
				TARGETED_DEVICE_FAMILY = "1,2";
			};
			name = Debug;
		};
		363F014E2499EC82003543B1 /* Release */ = {
			isa = XCBuildConfiguration;
			baseConfigurationReference = 19D0F9EBA7C299AC462E6F3F /* Pods-NativeDemo.release.xcconfig */;
			buildSettings = {
				ASSETCATALOG_COMPILER_APPICON_NAME = AppIcon;
				CODE_SIGN_STYLE = Automatic;
				DEVELOPMENT_TEAM = 5KN6964MFR;
				INFOPLIST_FILE = NativeDemo/Info.plist;
				LD_RUNPATH_SEARCH_PATHS = (
					"$(inherited)",
					"@executable_path/Frameworks",
				);
				PRODUCT_BUNDLE_IDENTIFIER = com.Logic.NativeDemo;
				PRODUCT_NAME = "$(TARGET_NAME)";
				TARGETED_DEVICE_FAMILY = "1,2";
			};
			name = Release;
		};
/* End XCBuildConfiguration section */

/* Begin XCConfigurationList section */
		363F012E2499EC81003543B1 /* Build configuration list for PBXProject "NativeDemo" */ = {
			isa = XCConfigurationList;
			buildConfigurations = (
				363F014A2499EC82003543B1 /* Debug */,
				363F014B2499EC82003543B1 /* Release */,
			);
			defaultConfigurationIsVisible = 0;
			defaultConfigurationName = Release;
		};
		363F014C2499EC82003543B1 /* Build configuration list for PBXNativeTarget "NativeDemo" */ = {
			isa = XCConfigurationList;
			buildConfigurations = (
				363F014D2499EC82003543B1 /* Debug */,
				363F014E2499EC82003543B1 /* Release */,
			);
			defaultConfigurationIsVisible = 0;
			defaultConfigurationName = Release;
		};
/* End XCConfigurationList section */
	};
	rootObject = 363F012B2499EC81003543B1 /* Project object */;
}
